
Microsoft Visual Studio Solution File, Format Version 12.00
# Visual Studio 15
VisualStudioVersion = 15.0.28307.539
MinimumVisualStudioVersion = 10.0.40219.1
Project("{FAE04EC0-301F-11D3-BF4B-00C04F79EFBC}") = "CSharpWithEntityLogin", "CSharpWithEntityLogin\CSharpWithEntityLogin.csproj", "{6CBFAED0-4609-4C0A-A438-A4BB213EDBF7}"
EndProject
Global
	GlobalSection(SolutionConfigurationPlatforms) = preSolution
		Debug|Any CPU = Debug|Any CPU
		Release|Any CPU = Release|Any CPU
	EndGlobalSection
	GlobalSection(ProjectConfigurationPlatforms) = postSolution
		{6CBFAED0-4609-4C0A-A438-A4BB213EDBF7}.Debug|Any CPU.ActiveCfg = Debug|Any CPU
		{6CBFAED0-4609-4C0A-A438-A4BB213EDBF7}.Debug|Any CPU.Build.0 = Debug|Any CPU
		{6CBFAED0-4609-4C0A-A438-A4BB213EDBF7}.Release|Any CPU.ActiveCfg = Release|Any CPU
		{6CBFAED0-4609-4C0A-A438-A4BB213EDBF7}.Release|Any CPU.Build.0 = Release|Any CPU
	EndGlobalSection
	GlobalSection(SolutionProperties) = preSolution
		HideSolutionNode = FALSE
	EndGlobalSection
	GlobalSection(ExtensibilityGlobals) = postSolution
		SolutionGuid = {04CE55AA-C85D-4DE6-B1B6-B4BFE55B9359}
	EndGlobalSection
EndGlobal
